
Microsoft Visual Studio Solution File, Format Version 12.00
# Visual Studio Version 17
VisualStudioVersion = 17.10.35027.167
MinimumVisualStudioVersion = 10.0.40219.1
Project("{FAE04EC0-301F-11D3-BF4B-00C04F79EFBC}") = "propriedades", "propriedades\propriedades.csproj", "{750811D9-E0E8-4AD9-9679-6920F94AA79E}"
EndProject
Global
	GlobalSection(SolutionConfigurationPlatforms) = preSolution
		Debug|Any CPU = Debug|Any CPU
		Release|Any CPU = Release|Any CPU
	EndGlobalSection
	GlobalSection(ProjectConfigurationPlatforms) = postSolution
		{750811D9-E0E8-4AD9-9679-6920F94AA79E}.Debug|Any CPU.ActiveCfg = Debug|Any CPU
		{750811D9-E0E8-4AD9-9679-6920F94AA79E}.Debug|Any CPU.Build.0 = Debug|Any CPU
		{750811D9-E0E8-4AD9-9679-6920F94AA79E}.Release|Any CPU.ActiveCfg = Release|Any CPU
		{750811D9-E0E8-4AD9-9679-6920F94AA79E}.Release|Any CPU.Build.0 = Release|Any CPU
	EndGlobalSection
	GlobalSection(SolutionProperties) = preSolution
		HideSolutionNode = FALSE
	EndGlobalSection
	GlobalSection(ExtensibilityGlobals) = postSolution
		SolutionGuid = {142AE22C-6EE9-4B4A-85EE-25D81EBA7437}
	EndGlobalSection
EndGlobal
